
Microsoft Visual Studio Solution File, Format Version 12.00
# Visual Studio Version 16
VisualStudioVersion = 16.0.30309.148
MinimumVisualStudioVersion = 10.0.40219.1
Project("{9A19103F-16F7-4668-BE54-9A1E7A4F7556}") = "MovieManagement", "MovieManagement\MovieManagement.csproj", "{4A9C7DB8-5714-48C1-AA25-53F8BA4D7A9A}"
EndProject
Project("{9A19103F-16F7-4668-BE54-9A1E7A4F7556}") = "MovieManagement.App", "MovieManagement.App\MovieManagement.App.csproj", "{2AF76BFC-3F54-4230-A0F7-AB7140CF5D7D}"
EndProject
Project("{9A19103F-16F7-4668-BE54-9A1E7A4F7556}") = "MovieManagement.Domain", "MovieManagement.Domain\MovieManagement.Domain.csproj", "{D0118790-5F4A-48AD-9CE6-CFAB36A7357E}"
EndProject
Global
	GlobalSection(SolutionConfigurationPlatforms) = preSolution
		Debug|Any CPU = Debug|Any CPU
		Release|Any CPU = Release|Any CPU
	EndGlobalSection
	GlobalSection(ProjectConfigurationPlatforms) = postSolution
		{4A9C7DB8-5714-48C1-AA25-53F8BA4D7A9A}.Debug|Any CPU.ActiveCfg = Debug|Any CPU
		{4A9C7DB8-5714-48C1-AA25-53F8BA4D7A9A}.Debug|Any CPU.Build.0 = Debug|Any CPU
		{4A9C7DB8-5714-48C1-AA25-53F8BA4D7A9A}.Release|Any CPU.ActiveCfg = Release|Any CPU
		{4A9C7DB8-5714-48C1-AA25-53F8BA4D7A9A}.Release|Any CPU.Build.0 = Release|Any CPU
		{2AF76BFC-3F54-4230-A0F7-AB7140CF5D7D}.Debug|Any CPU.ActiveCfg = Debug|Any CPU
		{2AF76BFC-3F54-4230-A0F7-AB7140CF5D7D}.Debug|Any CPU.Build.0 = Debug|Any CPU
		{2AF76BFC-3F54-4230-A0F7-AB7140CF5D7D}.Release|Any CPU.ActiveCfg = Release|Any CPU
		{2AF76BFC-3F54-4230-A0F7-AB7140CF5D7D}.Release|Any CPU.Build.0 = Release|Any CPU
		{D0118790-5F4A-48AD-9CE6-CFAB36A7357E}.Debug|Any CPU.ActiveCfg = Debug|Any CPU
		{D0118790-5F4A-48AD-9CE6-CFAB36A7357E}.Debug|Any CPU.Build.0 = Debug|Any CPU
		{D0118790-5F4A-48AD-9CE6-CFAB36A7357E}.Release|Any CPU.ActiveCfg = Release|Any CPU
		{D0118790-5F4A-48AD-9CE6-CFAB36A7357E}.Release|Any CPU.Build.0 = Release|Any CPU
	EndGlobalSection
	GlobalSection(SolutionProperties) = preSolution
		HideSolutionNode = FALSE
	EndGlobalSection
	GlobalSection(ExtensibilityGlobals) = postSolution
		SolutionGuid = {47A4D245-6B15-44C9-8234-FE6737353466}
	EndGlobalSection
EndGlobal
